
Microsoft Visual Studio Solution File, Format Version 12.00
# Visual Studio Version 16
VisualStudioVersion = 16.0.31729.503
MinimumVisualStudioVersion = 10.0.40219.1
Project("{FAE04EC0-301F-11D3-BF4B-00C04F79EFBC}") = "idraulico", "idraulico\idraulico.csproj", "{22ACFC34-2922-495E-B430-0E45B5B2A2E2}"
EndProject
Global
	GlobalSection(SolutionConfigurationPlatforms) = preSolution
		Debug|Any CPU = Debug|Any CPU
		Release|Any CPU = Release|Any CPU
	EndGlobalSection
	GlobalSection(ProjectConfigurationPlatforms) = postSolution
		{22ACFC34-2922-495E-B430-0E45B5B2A2E2}.Debug|Any CPU.ActiveCfg = Debug|Any CPU
		{22ACFC34-2922-495E-B430-0E45B5B2A2E2}.Debug|Any CPU.Build.0 = Debug|Any CPU
		{22ACFC34-2922-495E-B430-0E45B5B2A2E2}.Release|Any CPU.ActiveCfg = Release|Any CPU
		{22ACFC34-2922-495E-B430-0E45B5B2A2E2}.Release|Any CPU.Build.0 = Release|Any CPU
	EndGlobalSection
	GlobalSection(SolutionProperties) = preSolution
		HideSolutionNode = FALSE
	EndGlobalSection
	GlobalSection(ExtensibilityGlobals) = postSolution
		SolutionGuid = {FC5F51E3-3A5F-49CD-B2A8-5D2466808729}
	EndGlobalSection
EndGlobal
