
Microsoft Visual Studio Solution File, Format Version 12.00
# Visual Studio Version 16
VisualStudioVersion = 16.0.31729.503
MinimumVisualStudioVersion = 10.0.40219.1
Project("{FAE04EC0-301F-11D3-BF4B-00C04F79EFBC}") = "P121", "P121\P121.csproj", "{652DB65B-AE03-4A2A-9DFE-A3C2F1C47176}"
EndProject
Global
	GlobalSection(SolutionConfigurationPlatforms) = preSolution
		Debug|Any CPU = Debug|Any CPU
		Release|Any CPU = Release|Any CPU
	EndGlobalSection
	GlobalSection(ProjectConfigurationPlatforms) = postSolution
		{652DB65B-AE03-4A2A-9DFE-A3C2F1C47176}.Debug|Any CPU.ActiveCfg = Debug|Any CPU
		{652DB65B-AE03-4A2A-9DFE-A3C2F1C47176}.Debug|Any CPU.Build.0 = Debug|Any CPU
		{652DB65B-AE03-4A2A-9DFE-A3C2F1C47176}.Release|Any CPU.ActiveCfg = Release|Any CPU
		{652DB65B-AE03-4A2A-9DFE-A3C2F1C47176}.Release|Any CPU.Build.0 = Release|Any CPU
	EndGlobalSection
	GlobalSection(SolutionProperties) = preSolution
		HideSolutionNode = FALSE
	EndGlobalSection
	GlobalSection(ExtensibilityGlobals) = postSolution
		SolutionGuid = {4010F0A4-B522-4102-9440-82C2BC1F0361}
	EndGlobalSection
EndGlobal
